Microsoft Visual Studio Solution File, Format Version 12.00
# Visual Studio Version 17
VisualStudioVersion = 17.5.2.0
MinimumVisualStudioVersion = 10.0.40219.1
Project("{FAE04EC0-301F-11D3-BF4B-00C04F79EFBC}") = "GerenciadorEbonyArtes", "GerenciadorEbonyArtes\GerenciadorEbonyArtes.csproj", "{EF1995D9-FD5D-0A8A-38C4-6F9517A6342F}"
EndProject
Global
	GlobalSection(SolutionConfigurationPlatforms) = preSolution
		Debug|Any CPU = Debug|Any CPU
		Release|Any CPU = Release|Any CPU
	EndGlobalSection
	GlobalSection(ProjectConfigurationPlatforms) = postSolution
		{EF1995D9-FD5D-0A8A-38C4-6F9517A6342F}.Debug|Any CPU.ActiveCfg = Debug|Any CPU
		{EF1995D9-FD5D-0A8A-38C4-6F9517A6342F}.Debug|Any CPU.Build.0 = Debug|Any CPU
		{EF1995D9-FD5D-0A8A-38C4-6F9517A6342F}.Release|Any CPU.ActiveCfg = Release|Any CPU
		{EF1995D9-FD5D-0A8A-38C4-6F9517A6342F}.Release|Any CPU.Build.0 = Release|Any CPU
	EndGlobalSection
	GlobalSection(SolutionProperties) = preSolution
		HideSolutionNode = FALSE
	EndGlobalSection
	GlobalSection(ExtensibilityGlobals) = postSolution
		SolutionGuid = {23E9AA45-2C01-446B-B0EC-B5BB4DC14B39}
	EndGlobalSection
EndGlobal
